
Microsoft Visual Studio Solution File, Format Version 12.00
# Visual Studio 14
VisualStudioVersion = 14.0.25420.1
MinimumVisualStudioVersion = 10.0.40219.1
Project("{FAE04EC0-301F-11D3-BF4B-00C04F79EFBC}") = "WorkSphere", "WorkSphere\WorkSphere\WorkSphere.csproj", "{323B3A59-B0B3-49B7-AF3F-9E92CFB7F573}"
EndProject
Project("{FAE04EC0-301F-11D3-BF4B-00C04F79EFBC}") = "WorkSphere.Droid", "WorkSphere\WorkSphere.Droid\WorkSphere.Droid.csproj", "{C103960C-853B-4392-8302-0D7AC662AD5E}"
EndProject
Project("{FAE04EC0-301F-11D3-BF4B-00C04F79EFBC}") = "WorkSphere.iOS", "WorkSphere\WorkSphere.iOS\WorkSphere.iOS.csproj", "{089B35D3-28BB-491E-9391-6A837A87BF09}"
EndProject
Global
	GlobalSection(SolutionConfigurationPlatforms) = preSolution
		Ad-Hoc|Any CPU = Ad-Hoc|Any CPU
		Ad-Hoc|iPhone = Ad-Hoc|iPhone
		Ad-Hoc|iPhoneSimulator = Ad-Hoc|iPhoneSimulator
		AppStore|Any CPU = AppStore|Any CPU
		AppStore|iPhone = AppStore|iPhone
		AppStore|iPhoneSimulator = AppStore|iPhoneSimulator
		Debug|Any CPU = Debug|Any CPU
		Debug|iPhone = Debug|iPhone
		Debug|iPhoneSimulator = Debug|iPhoneSimulator
		Release|Any CPU = Release|Any CPU
		Release|iPhone = Release|iPhone
		Release|iPhoneSimulator = Release|iPhoneSimulator
	EndGlobalSection
	GlobalSection(ProjectConfigurationPlatforms) = postSolution
		{323B3A59-B0B3-49B7-AF3F-9E92CFB7F573}.Ad-Hoc|Any CPU.ActiveCfg = Release|Any CPU
		{323B3A59-B0B3-49B7-AF3F-9E92CFB7F573}.Ad-Hoc|Any CPU.Build.0 = Release|Any CPU
		{323B3A59-B0B3-49B7-AF3F-9E92CFB7F573}.Ad-Hoc|iPhone.ActiveCfg = Release|Any CPU
		{323B3A59-B0B3-49B7-AF3F-9E92CFB7F573}.Ad-Hoc|iPhone.Build.0 = Release|Any CPU
		{323B3A59-B0B3-49B7-AF3F-9E92CFB7F573}.Ad-Hoc|iPhoneSimulator.ActiveCfg = Release|Any CPU
		{323B3A59-B0B3-49B7-AF3F-9E92CFB7F573}.Ad-Hoc|iPhoneSimulator.Build.0 = Release|Any CPU
		{323B3A59-B0B3-49B7-AF3F-9E92CFB7F573}.AppStore|Any CPU.ActiveCfg = Release|Any CPU
		{323B3A59-B0B3-49B7-AF3F-9E92CFB7F573}.AppStore|Any CPU.Build.0 = Release|Any CPU
		{323B3A59-B0B3-49B7-AF3F-9E92CFB7F573}.AppStore|iPhone.ActiveCfg = Release|Any CPU
		{323B3A59-B0B3-49B7-AF3F-9E92CFB7F573}.AppStore|iPhone.Build.0 = Release|Any CPU
		{323B3A59-B0B3-49B7-AF3F-9E92CFB7F573}.AppStore|iPhoneSimulator.ActiveCfg = Release|Any CPU
		{323B3A59-B0B3-49B7-AF3F-9E92CFB7F573}.AppStore|iPhoneSimulator.Build.0 = Release|Any CPU
		{323B3A59-B0B3-49B7-AF3F-9E92CFB7F573}.Debug|Any CPU.ActiveCfg = Debug|Any CPU
		{323B3A59-B0B3-49B7-AF3F-9E92CFB7F573}.Debug|Any CPU.Build.0 = Debug|Any CPU
		{323B3A59-B0B3-49B7-AF3F-9E92CFB7F573}.Debug|iPhone.ActiveCfg = Debug|Any CPU
		{323B3A59-B0B3-49B7-AF3F-9E92CFB7F573}.Debug|iPhone.Build.0 = Debug|Any CPU
		{323B3A59-B0B3-49B7-AF3F-9E92CFB7F573}.Debug|iPhoneSimulator.ActiveCfg = Debug|Any CPU
		{323B3A59-B0B3-49B7-AF3F-9E92CFB7F573}.Debug|iPhoneSimulator.Build.0 = Debug|Any CPU
		{323B3A59-B0B3-49B7-AF3F-9E92CFB7F573}.Release|Any CPU.ActiveCfg = Release|Any CPU
		{323B3A59-B0B3-49B7-AF3F-9E92CFB7F573}.Release|Any CPU.Build.0 = Release|Any CPU
		{323B3A59-B0B3-49B7-AF3F-9E92CFB7F573}.Release|iPhone.ActiveCfg = Release|Any CPU
		{323B3A59-B0B3-49B7-AF3F-9E92CFB7F573}.Release|iPhone.Build.0 = Release|Any CPU
		{323B3A59-B0B3-49B7-AF3F-9E92CFB7F573}.Release|iPhoneSimulator.ActiveCfg = Release|Any CPU
		{323B3A59-B0B3-49B7-AF3F-9E92CFB7F573}.Release|iPhoneSimulator.Build.0 = Release|Any CPU
		{C103960C-853B-4392-8302-0D7AC662AD5E}.Ad-Hoc|Any CPU.ActiveCfg = Release|Any CPU
		{C103960C-853B-4392-8302-0D7AC662AD5E}.Ad-Hoc|Any CPU.Build.0 = Release|Any CPU
		{C103960C-853B-4392-8302-0D7AC662AD5E}.Ad-Hoc|Any CPU.Deploy.0 = Release|Any CPU
		{C103960C-853B-4392-8302-0D7AC662AD5E}.Ad-Hoc|iPhone.ActiveCfg = Release|Any CPU
		{C103960C-853B-4392-8302-0D7AC662AD5E}.Ad-Hoc|iPhone.Build.0 = Release|Any CPU
		{C103960C-853B-4392-8302-0D7AC662AD5E}.Ad-Hoc|iPhone.Deploy.0 = Release|Any CPU
		{C103960C-853B-4392-8302-0D7AC662AD5E}.Ad-Hoc|iPhoneSimulator.ActiveCfg = Release|Any CPU
		{C103960C-853B-4392-8302-0D7AC662AD5E}.Ad-Hoc|iPhoneSimulator.Build.0 = Release|Any CPU
		{C103960C-853B-4392-8302-0D7AC662AD5E}.Ad-Hoc|iPhoneSimulator.Deploy.0 = Release|Any CPU
		{C103960C-853B-4392-8302-0D7AC662AD5E}.AppStore|Any CPU.ActiveCfg = Release|Any CPU
		{C103960C-853B-4392-8302-0D7AC662AD5E}.AppStore|Any CPU.Build.0 = Release|Any CPU
		{C103960C-853B-4392-8302-0D7AC662AD5E}.AppStore|Any CPU.Deploy.0 = Release|Any CPU
		{C103960C-853B-4392-8302-0D7AC662AD5E}.AppStore|iPhone.ActiveCfg = Release|Any CPU
		{C103960C-853B-4392-8302-0D7AC662AD5E}.AppStore|iPhone.Build.0 = Release|Any CPU
		{C103960C-853B-4392-8302-0D7AC662AD5E}.AppStore|iPhone.Deploy.0 = Release|Any CPU
		{C103960C-853B-4392-8302-0D7AC662AD5E}.AppStore|iPhoneSimulator.ActiveCfg = Release|Any CPU
		{C103960C-853B-4392-8302-0D7AC662AD5E}.AppStore|iPhoneSimulator.Build.0 = Release|Any CPU
		{C103960C-853B-4392-8302-0D7AC662AD5E}.AppStore|iPhoneSimulator.Deploy.0 = Release|Any CPU
		{C103960C-853B-4392-8302-0D7AC662AD5E}.Debug|Any CPU.ActiveCfg = Debug|Any CPU
		{C103960C-853B-4392-8302-0D7AC662AD5E}.Debug|Any CPU.Build.0 = Debug|Any CPU
		{C103960C-853B-4392-8302-0D7AC662AD5E}.Debug|Any CPU.Deploy.0 = Debug|Any CPU
		{C103960C-853B-4392-8302-0D7AC662AD5E}.Debug|iPhone.ActiveCfg = Debug|Any CPU
		{C103960C-853B-4392-8302-0D7AC662AD5E}.Debug|iPhone.Build.0 = Debug|Any CPU
		{C103960C-853B-4392-8302-0D7AC662AD5E}.Debug|iPhone.Deploy.0 = Debug|Any CPU
		{C103960C-853B-4392-8302-0D7AC662AD5E}.Debug|iPhoneSimulator.ActiveCfg = Debug|Any CPU
		{C103960C-853B-4392-8302-0D7AC662AD5E}.Debug|iPhoneSimulator.Build.0 = Debug|Any CPU
		{C103960C-853B-4392-8302-0D7AC662AD5E}.Debug|iPhoneSimulator.Deploy.0 = Debug|Any CPU
		{C103960C-853B-4392-8302-0D7AC662AD5E}.Release|Any CPU.ActiveCfg = Release|Any CPU
		{C103960C-853B-4392-8302-0D7AC662AD5E}.Release|Any CPU.Build.0 = Release|Any CPU
		{C103960C-853B-4392-8302-0D7AC662AD5E}.Release|Any CPU.Deploy.0 = Release|Any CPU
		{C103960C-853B-4392-8302-0D7AC662AD5E}.Release|iPhone.ActiveCfg = Release|Any CPU
		{C103960C-853B-4392-8302-0D7AC662AD5E}.Release|iPhone.Build.0 = Release|Any CPU
		{C103960C-853B-4392-8302-0D7AC662AD5E}.Release|iPhone.Deploy.0 = Release|Any CPU
		{C103960C-853B-4392-8302-0D7AC662AD5E}.Release|iPhoneSimulator.ActiveCfg = Release|Any CPU
		{C103960C-853B-4392-8302-0D7AC662AD5E}.Release|iPhoneSimulator.Build.0 = Release|Any CPU
		{C103960C-853B-4392-8302-0D7AC662AD5E}.Release|iPhoneSimulator.Deploy.0 = Release|Any CPU
		{089B35D3-28BB-491E-9391-6A837A87BF09}.Ad-Hoc|Any CPU.ActiveCfg = Ad-Hoc|iPhone
		{089B35D3-28BB-491E-9391-6A837A87BF09}.Ad-Hoc|iPhone.ActiveCfg = Ad-Hoc|iPhone
		{089B35D3-28BB-491E-9391-6A837A87BF09}.Ad-Hoc|iPhone.Build.0 = Ad-Hoc|iPhone
		{089B35D3-28BB-491E-9391-6A837A87BF09}.Ad-Hoc|iPhoneSimulator.ActiveCfg = Ad-Hoc|iPhoneSimulator
		{089B35D3-28BB-491E-9391-6A837A87BF09}.Ad-Hoc|iPhoneSimulator.Build.0 = Ad-Hoc|iPhoneSimulator
		{089B35D3-28BB-491E-9391-6A837A87BF09}.AppStore|Any CPU.ActiveCfg = AppStore|iPhone
		{089B35D3-28BB-491E-9391-6A837A87BF09}.AppStore|iPhone.ActiveCfg = AppStore|iPhone
		{089B35D3-28BB-491E-9391-6A837A87BF09}.AppStore|iPhone.Build.0 = AppStore|iPhone
		{089B35D3-28BB-491E-9391-6A837A87BF09}.AppStore|iPhoneSimulator.ActiveCfg = AppStore|iPhoneSimulator
		{089B35D3-28BB-491E-9391-6A837A87BF09}.AppStore|iPhoneSimulator.Build.0 = AppStore|iPhoneSimulator
		{089B35D3-28BB-491E-9391-6A837A87BF09}.Debug|Any CPU.ActiveCfg = Debug|iPhone
		{089B35D3-28BB-491E-9391-6A837A87BF09}.Debug|iPhone.ActiveCfg = Debug|iPhone
		{089B35D3-28BB-491E-9391-6A837A87BF09}.Debug|iPhone.Build.0 = Debug|iPhone
		{089B35D3-28BB-491E-9391-6A837A87BF09}.Debug|iPhoneSimulator.ActiveCfg = Debug|iPhoneSimulator
		{089B35D3-28BB-491E-9391-6A837A87BF09}.Debug|iPhoneSimulator.Build.0 = Debug|iPhoneSimulator
		{089B35D3-28BB-491E-9391-6A837A87BF09}.Release|Any CPU.ActiveCfg = Release|iPhone
		{089B35D3-28BB-491E-9391-6A837A87BF09}.Release|iPhone.ActiveCfg = Release|iPhone
		{089B35D3-28BB-491E-9391-6A837A87BF09}.Release|iPhone.Build.0 = Release|iPhone
		{089B35D3-28BB-491E-9391-6A837A87BF09}.Release|iPhoneSimulator.ActiveCfg = Release|iPhoneSimulator
		{089B35D3-28BB-491E-9391-6A837A87BF09}.Release|iPhoneSimulator.Build.0 = Release|iPhoneSimulator
	EndGlobalSection
	GlobalSection(SolutionProperties) = preSolution
		HideSolutionNode = FALSE
	EndGlobalSection
EndGlobal
